// !$*UTF8*$!
{
	archiveVersion = 1;
	classes = {
	};
	objectVersion = 50;
	objects = {

/* Begin PBXBuildFile section */
		EF86C9DD220F4DB00009EE26 /* AppDelegate.swift in Sources */ = {isa = PBXBuildFile; fileRef = EF86C9DC220F4DB00009EE26 /* AppDelegate.swift */; };
		EF86C9DF220F4DB00009EE26 /* ViewController.swift in Sources */ = {isa = PBXBuildFile; fileRef = EF86C9DE220F4DB00009EE26 /* ViewController.swift */; };
		EF86C9E2220F4DB00009EE26 /* Main.storyboard in Resources */ = {isa = PBXBuildFile; fileRef = EF86C9E0220F4DB00009EE26 /* Main.storyboard */; };
		EF86C9E4220F4DB10009EE26 /* Assets.xcassets in Resources */ = {isa = PBXBuildFile; fileRef = EF86C9E3220F4DB10009EE26 /* Assets.xcassets */; };
		EF86C9E7220F4DB10009EE26 /* LaunchScreen.storyboard in Resources */ = {isa = PBXBuildFile; fileRef = EF86C9E5220F4DB10009EE26 /* LaunchScreen.storyboard */; };
		EF86C9F2220F4DB10009EE26 /* pitchPerfectTests.swift in Sources */ = {isa = PBXBuildFile; fileRef = EF86C9F1220F4DB10009EE26 /* pitchPerfectTests.swift */; };
		EF86C9FD220F4DB10009EE26 /* pitchPerfectUITests.swift in Sources */ = {isa = PBXBuildFile; fileRef = EF86C9FC220F4DB10009EE26 /* pitchPerfectUITests.swift */; };
/* End PBXBuildFile section */

/* Begin PBXContainerItemProxy section */
		EF86C9EE220F4DB10009EE26 /* PBXContainerItemProxy */ = {
			isa = PBXContainerItemProxy;
			containerPortal = EF86C9D1220F4DB00009EE26 /* Project object */;
			proxyType = 1;
			remoteGlobalIDString = EF86C9D8220F4DB00009EE26;
			remoteInfo = pitchPerfect;
		};
		EF86C9F9220F4DB10009EE26 /* PBXContainerItemProxy */ = {
			isa = PBXContainerItemProxy;
			containerPortal = EF86C9D1220F4DB00009EE26 /* Project object */;
			proxyType = 1;
			remoteGlobalIDString = EF86C9D8220F4DB00009EE26;
			remoteInfo = pitchPerfect;
		};
/* End PBXContainerItemProxy section */

/* Begin PBXFileReference section */
		EF86C9D9220F4DB00009EE26 /* pitchPerfect.app */ = {isa = PBXFileReference; explicitFileType = wrapper.application; includeInIndex = 0; path = pitchPerfect.app; sourceTree = BUILT_PRODUCTS_DIR; };
		EF86C9DC220F4DB00009EE26 /* AppDelegate.swift */ = {isa = PBXFileReference; lastKnownFileType = sourcecode.swift; path = AppDelegate.swift; sourceTree = "<group>"; };
		EF86C9DE220F4DB00009EE26 /* ViewController.swift */ = {isa = PBXFileReference; lastKnownFileType = sourcecode.swift; path = ViewController.swift; sourceTree = "<group>"; };
		EF86C9E1220F4DB00009EE26 /* Base */ = {isa = PBXFileReference; lastKnownFileType = file.storyboard; name = Base; path = Base.lproj/Main.storyboard; sourceTree = "<group>"; };
		EF86C9E3220F4DB10009EE26 /* Assets.xcassets */ = {isa = PBXFileReference; lastKnownFileType = folder.assetcatalog; path = Assets.xcassets; sourceTree = "<group>"; };
		EF86C9E6220F4DB10009EE26 /* Base */ = {isa = PBXFileReference; lastKnownFileType = file.storyboard; name = Base; path = Base.lproj/LaunchScreen.storyboard; sourceTree = "<group>"; };
		EF86C9E8220F4DB10009EE26 /* Info.plist */ = {isa = PBXFileReference; lastKnownFileType = text.plist.xml; path = Info.plist; sourceTree = "<group>"; };
		EF86C9ED220F4DB10009EE26 /* pitchPerfectTests.xctest */ = {isa = PBXFileReference; explicitFileType = wrapper.cfbundle; includeInIndex = 0; path = pitchPerfectTests.xctest; sourceTree = BUILT_PRODUCTS_DIR; };
		EF86C9F1220F4DB10009EE26 /* pitchPerfectTests.swift */ = {isa = PBXFileReference; lastKnownFileType = sourcecode.swift; path = pitchPerfectTests.swift; sourceTree = "<group>"; };
		EF86C9F3220F4DB10009EE26 /* Info.plist */ = {isa = PBXFileReference; lastKnownFileType = text.plist.xml; path = Info.plist; sourceTree = "<group>"; };
		EF86C9F8220F4DB10009EE26 /* pitchPerfectUITests.xctest */ = {isa = PBXFileReference; explicitFileType = wrapper.cfbundle; includeInIndex = 0; path = pitchPerfectUITests.xctest; sourceTree = BUILT_PRODUCTS_DIR; };
		EF86C9FC220F4DB10009EE26 /* pitchPerfectUITests.swift */ = {isa = PBXFileReference; lastKnownFileType = sourcecode.swift; path = pitchPerfectUITests.swift; sourceTree = "<group>"; };
		EF86C9FE220F4DB10009EE26 /* Info.plist */ = {isa = PBXFileReference; lastKnownFileType = text.plist.xml; path = Info.plist; sourceTree = "<group>"; };
/* End PBXFileReference section */

/* Begin PBXFrameworksBuildPhase section */
		EF86C9D6220F4DB00009EE26 /* Frameworks */ = {
			isa = PBXFrameworksBuildPhase;
			buildActionMask = 2147483647;
			files = (
			);
			runOnlyForDeploymentPostprocessing = 0;
		};
		EF86C9EA220F4DB10009EE26 /* Frameworks */ = {
			isa = PBXFrameworksBuildPhase;
			buildActionMask = 2147483647;
			files = (
			);
			runOnlyForDeploymentPostprocessing = 0;
		};
		EF86C9F5220F4DB10009EE26 /* Frameworks */ = {
			isa = PBXFrameworksBuildPhase;
			buildActionMask = 2147483647;
			files = (
			);
			runOnlyForDeploymentPostprocessing = 0;
		};
/* End PBXFrameworksBuildPhase section */

/* Begin PBXGroup section */
		EF86C9D0220F4DB00009EE26 = {
			isa = PBXGroup;
			children = (
				EF86C9DB220F4DB00009EE26 /* pitchPerfect */,
				EF86C9F0220F4DB10009EE26 /* pitchPerfectTests */,
				EF86C9FB220F4DB10009EE26 /* pitchPerfectUITests */,
				EF86C9DA220F4DB00009EE26 /* Products */,
			);
			sourceTree = "<group>";
		};
		EF86C9DA220F4DB00009EE26 /* Products */ = {
			isa = PBXGroup;
			children = (
				EF86C9D9220F4DB00009EE26 /* pitchPerfect.app */,
				EF86C9ED220F4DB10009EE26 /* pitchPerfectTests.xctest */,
				EF86C9F8220F4DB10009EE26 /* pitchPerfectUITests.xctest */,
			);
			name = Products;
			sourceTree = "<group>";
		};
		EF86C9DB220F4DB00009EE26 /* pitchPerfect */ = {
			isa = PBXGroup;
			children = (
				EF86C9DC220F4DB00009EE26 /* AppDelegate.swift */,
				EF86C9DE220F4DB00009EE26 /* ViewController.swift */,
				EF86C9E0220F4DB00009EE26 /* Main.storyboard */,
				EF86C9E3220F4DB10009EE26 /* Assets.xcassets */,
				EF86C9E5220F4DB10009EE26 /* LaunchScreen.storyboard */,
				EF86C9E8220F4DB10009EE26 /* Info.plist */,
			);
			path = pitchPerfect;
			sourceTree = "<group>";
		};
		EF86C9F0220F4DB10009EE26 /* pitchPerfectTests */ = {
			isa = PBXGroup;
			children = (
				EF86C9F1220F4DB10009EE26 /* pitchPerfectTests.swift */,
				EF86C9F3220F4DB10009EE26 /* Info.plist */,
			);
			path = pitchPerfectTests;
			sourceTree = "<group>";
		};
		EF86C9FB220F4DB10009EE26 /* pitchPerfectUITests */ = {
			isa = PBXGroup;
			children = (
				EF86C9FC220F4DB10009EE26 /* pitchPerfectUITests.swift */,
				EF86C9FE220F4DB10009EE26 /* Info.plist */,
			);
			path = pitchPerfectUITests;
			sourceTree = "<group>";
		};
/* End PBXGroup section */

/* Begin PBXNativeTarget section */
		EF86C9D8220F4DB00009EE26 /* pitchPerfect */ = {
			isa = PBXNativeTarget;
			buildConfigurationList = EF86CA01220F4DB10009EE26 /* Build configuration list for PBXNativeTarget "pitchPerfect" */;
			buildPhases = (
				EF86C9D5220F4DB00009EE26 /* Sources */,
				EF86C9D6220F4DB00009EE26 /* Frameworks */,
				EF86C9D7220F4DB00009EE26 /* Resources */,
			);
			buildRules = (
			);
			dependencies = (
			);
			name = pitchPerfect;
			productName = pitchPerfect;
			productReference = EF86C9D9220F4DB00009EE26 /* pitchPerfect.app */;
			productType = "com.apple.product-type.application";
		};
		EF86C9EC220F4DB10009EE26 /* pitchPerfectTests */ = {
			isa = PBXNativeTarget;
			buildConfigurationList = EF86CA04220F4DB10009EE26 /* Build configuration list for PBXNativeTarget "pitchPerfectTests" */;
			buildPhases = (
				EF86C9E9220F4DB10009EE26 /* Sources */,
				EF86C9EA220F4DB10009EE26 /* Frameworks */,
				EF86C9EB220F4DB10009EE26 /* Resources */,
			);
			buildRules = (
			);
			dependencies = (
				EF86C9EF220F4DB10009EE26 /* PBXTargetDependency */,
			);
			name = pitchPerfectTests;
			productName = pitchPerfectTests;
			productReference = EF86C9ED220F4DB10009EE26 /* pitchPerfectTests.xctest */;
			productType = "com.apple.product-type.bundle.unit-test";
		};
		EF86C9F7220F4DB10009EE26 /* pitchPerfectUITests */ = {
			isa = PBXNativeTarget;
			buildConfigurationList = EF86CA07220F4DB10009EE26 /* Build configuration list for PBXNativeTarget "pitchPerfectUITests" */;
			buildPhases = (
				EF86C9F4220F4DB10009EE26 /* Sources */,
				EF86C9F5220F4DB10009EE26 /* Frameworks */,
				EF86C9F6220F4DB10009EE26 /* Resources */,
			);
			buildRules = (
			);
			dependencies = (
				EF86C9FA220F4DB10009EE26 /* PBXTargetDependency */,
			);
			name = pitchPerfectUITests;
			productName = pitchPerfectUITests;
			productReference = EF86C9F8220F4DB10009EE26 /* pitchPerfectUITests.xctest */;
			productType = "com.apple.product-type.bundle.ui-testing";
		};
/* End PBXNativeTarget section */

/* Begin PBXProject section */
		EF86C9D1220F4DB00009EE26 /* Project object */ = {
			isa = PBXProject;
			attributes = {
				LastSwiftUpdateCheck = 1010;
				LastUpgradeCheck = 1010;
				ORGANIZATIONNAME = "AHMED GAMAL ";
				TargetAttributes = {
					EF86C9D8220F4DB00009EE26 = {
						CreatedOnToolsVersion = 10.1;
					};
					EF86C9EC220F4DB10009EE26 = {
						CreatedOnToolsVersion = 10.1;
						TestTargetID = EF86C9D8220F4DB00009EE26;
					};
					EF86C9F7220F4DB10009EE26 = {
						CreatedOnToolsVersion = 10.1;
						TestTargetID = EF86C9D8220F4DB00009EE26;
					};
				};
			};
			buildConfigurationList = EF86C9D4220F4DB00009EE26 /* Build configuration list for PBXProject "pitchPerfect" */;
			compatibilityVersion = "Xcode 9.3";
			developmentRegion = en;
			hasScannedForEncodings = 0;
			knownRegions = (
				en,
				Base,
			);
			mainGroup = EF86C9D0220F4DB00009EE26;
			productRefGroup = EF86C9DA220F4DB00009EE26 /* Products */;
			projectDirPath = "";
			projectRoot = "";
			targets = (
				EF86C9D8220F4DB00009EE26 /* pitchPerfect */,
				EF86C9EC220F4DB10009EE26 /* pitchPerfectTests */,
				EF86C9F7220F4DB10009EE26 /* pitchPerfectUITests */,
			);
		};
/* End PBXProject section */

/* Begin PBXResourcesBuildPhase section */
		EF86C9D7220F4DB00009EE26 /* Resources */ = {
			isa = PBXResourcesBuildPhase;
			buildActionMask = 2147483647;
			files = (
				EF86C9E7220F4DB10009EE26 /* LaunchScreen.storyboard in Resources */,
				EF86C9E4220F4DB10009EE26 /* Assets.xcassets in Resources */,
				EF86C9E2220F4DB00009EE26 /* Main.storyboard in Resources */,
			);
			runOnlyForDeploymentPostprocessing = 0;
		};
		EF86C9EB220F4DB10009EE26 /* Resources */ = {
			isa = PBXResourcesBuildPhase;
			buildActionMask = 2147483647;
			files = (
			);
			runOnlyForDeploymentPostprocessing = 0;
		};
		EF86C9F6220F4DB10009EE26 /* Resources */ = {
			isa = PBXResourcesBuildPhase;
			buildActionMask = 2147483647;
			files = (
			);
			runOnlyForDeploymentPostprocessing = 0;
		};
/* End PBXResourcesBuildPhase section */

/* Begin PBXSourcesBuildPhase section */
		EF86C9D5220F4DB00009EE26 /* Sources */ = {
			isa = PBXSourcesBuildPhase;
			buildActionMask = 2147483647;
			files = (
				EF86C9DF220F4DB00009EE26 /* ViewController.swift in Sources */,
				EF86C9DD220F4DB00009EE26 /* AppDelegate.swift in Sources */,
			);
			runOnlyForDeploymentPostprocessing = 0;
		};
		EF86C9E9220F4DB10009EE26 /* Sources */ = {
			isa = PBXSourcesBuildPhase;
			buildActionMask = 2147483647;
			files = (
				EF86C9F2220F4DB10009EE26 /* pitchPerfectTests.swift in Sources */,
			);
			runOnlyForDeploymentPostprocessing = 0;
		};
		EF86C9F4220F4DB10009EE26 /* Sources */ = {
			isa = PBXSourcesBuildPhase;
			buildActionMask = 2147483647;
			files = (
				EF86C9FD220F4DB10009EE26 /* pitchPerfectUITests.swift in Sources */,
			);
			runOnlyForDeploymentPostprocessing = 0;
		};
/* End PBXSourcesBuildPhase section */

/* Begin PBXTargetDependency section */
		EF86C9EF220F4DB10009EE26 /* PBXTargetDependency */ = {
			isa = PBXTargetDependency;
			target = EF86C9D8220F4DB00009EE26 /* pitchPerfect */;
			targetProxy = EF86C9EE220F4DB10009EE26 /* PBXContainerItemProxy */;
		};
		EF86C9FA220F4DB10009EE26 /* PBXTargetDependency */ = {
			isa = PBXTargetDependency;
			target = EF86C9D8220F4DB00009EE26 /* pitchPerfect */;
			targetProxy = EF86C9F9220F4DB10009EE26 /* PBXContainerItemProxy */;
		};
/* End PBXTargetDependency section */

/* Begin PBXVariantGroup section */
		EF86C9E0220F4DB00009EE26 /* Main.storyboard */ = {
			isa = PBXVariantGroup;
			children = (
				EF86C9E1220F4DB00009EE26 /* Base */,
			);
			name = Main.storyboard;
			sourceTree = "<group>";
		};
		EF86C9E5220F4DB10009EE26 /* LaunchScreen.storyboard */ = {
			isa = PBXVariantGroup;
			children = (
				EF86C9E6220F4DB10009EE26 /* Base */,
			);
			name = LaunchScreen.storyboard;
			sourceTree = "<group>";
		};
/* End PBXVariantGroup section */

/* Begin XCBuildConfiguration section */
		EF86C9FF220F4DB10009EE26 /* Debug */ = {
			isa = XCBuildConfiguration;
			buildSettings = {
				ALWAYS_SEARCH_USER_PATHS = NO;
				CLANG_ANALYZER_NONNULL = YES;
				CLANG_ANALYZER_NUMBER_OBJECT_CONVERSION = YES_AGGRESSIVE;
				CLANG_CXX_LANGUAGE_STANDARD = "gnu++14";
				CLANG_CXX_LIBRARY = "libc++";
				CLANG_ENABLE_MODULES = YES;
				CLANG_ENABLE_OBJC_ARC = YES;
				CLANG_ENABLE_OBJC_WEAK = YES;
				CLANG_WARN_BLOCK_CAPTURE_AUTORELEASING = YES;
				CLANG_WARN_BOOL_CONVERSION = YES;
				CLANG_WARN_COMMA = YES;
				CLANG_WARN_CONSTANT_CONVERSION = YES;
				CLANG_WARN_DEPRECATED_OBJC_IMPLEMENTATIONS = YES;
				CLANG_WARN_DIRECT_OBJC_ISA_USAGE = YES_ERROR;
				CLANG_WARN_DOCUMENTATION_COMMENTS = YES;
				CLANG_WARN_EMPTY_BODY = YES;
				CLANG_WARN_ENUM_CONVERSION = YES;
				CLANG_WARN_INFINITE_RECURSION = YES;
				CLANG_WARN_INT_CONVERSION = YES;
				CLANG_WARN_NON_LITERAL_NULL_CONVERSION = YES;
				CLANG_WARN_OBJC_IMPLICIT_RETAIN_SELF = YES;
				CLANG_WARN_OBJC_LITERAL_CONVERSION = YES;
				CLANG_WARN_OBJC_ROOT_CLASS = YES_ERROR;
				CLANG_WARN_RANGE_LOOP_ANALYSIS = YES;
				CLANG_WARN_STRICT_PROTOTYPES = YES;
				CLANG_WARN_SUSPICIOUS_MOVE = YES;
				CLANG_WARN_UNGUARDED_AVAILABILITY = YES_AGGRESSIVE;
				CLANG_WARN_UNREACHABLE_CODE = YES;
				CLANG_WARN__DUPLICATE_METHOD_MATCH = YES;
				CODE_SIGN_IDENTITY = "iPhone Developer";
				COPY_PHASE_STRIP = NO;
				DEBUG_INFORMATION_FORMAT = dwarf;
				ENABLE_STRICT_OBJC_MSGSEND = YES;
				ENABLE_TESTABILITY = YES;
				GCC_C_LANGUAGE_STANDARD = gnu11;
				GCC_DYNAMIC_NO_PIC = NO;
				GCC_NO_COMMON_BLOCKS = YES;
				GCC_OPTIMIZATION_LEVEL = 0;
				GCC_PREPROCESSOR_DEFINITIONS = (
					"DEBUG=1",
					"$(inherited)",
				);
				GCC_WARN_64_TO_32_BIT_CONVERSION = YES;
				GCC_WARN_ABOUT_RETURN_TYPE = YES_ERROR;
				GCC_WARN_UNDECLARED_SELECTOR = YES;
				GCC_WARN_UNINITIALIZED_AUTOS = YES_AGGRESSIVE;
				GCC_WARN_UNUSED_FUNCTION = YES;
				GCC_WARN_UNUSED_VARIABLE = YES;
				IPHONEOS_DEPLOYMENT_TARGET = 12.1;
				MTL_ENABLE_DEBUG_INFO = INCLUDE_SOURCE;
				MTL_FAST_MATH = YES;
				ONLY_ACTIVE_ARCH = YES;
				SDKROOT = iphoneos;
				SWIFT_ACTIVE_COMPILATION_CONDITIONS = DEBUG;
				SWIFT_OPTIMIZATION_LEVEL = "-Onone";
			};
			name = Debug;
		};
		EF86CA00220F4DB10009EE26 /* Release */ = {
			isa = XCBuildConfiguration;
			buildSettings = {
				ALWAYS_SEARCH_USER_PATHS = NO;
				CLANG_ANALYZER_NONNULL = YES;
				CLANG_ANALYZER_NUMBER_OBJECT_CONVERSION = YES_AGGRESSIVE;
				CLANG_CXX_LANGUAGE_STANDARD = "gnu++14";
				CLANG_CXX_LIBRARY = "libc++";
				CLANG_ENABLE_MODULES = YES;
				CLANG_ENABLE_OBJC_ARC = YES;
				CLANG_ENABLE_OBJC_WEAK = YES;
				CLANG_WARN_BLOCK_CAPTURE_AUTORELEASING = YES;
				CLANG_WARN_BOOL_CONVERSION = YES;
				CLANG_WARN_COMMA = YES;
				CLANG_WARN_CONSTANT_CONVERSION = YES;
				CLANG_WARN_DEPRECATED_OBJC_IMPLEMENTATIONS = YES;
				CLANG_WARN_DIRECT_OBJC_ISA_USAGE = YES_ERROR;
				CLANG_WARN_DOCUMENTATION_COMMENTS = YES;
				CLANG_WARN_EMPTY_BODY = YES;
				CLANG_WARN_ENUM_CONVERSION = YES;
				CLANG_WARN_INFINITE_RECURSION = YES;
				CLANG_WARN_INT_CONVERSION = YES;
				CLANG_WARN_NON_LITERAL_NULL_CONVERSION = YES;
				CLANG_WARN_OBJC_IMPLICIT_RETAIN_SELF = YES;
				CLANG_WARN_OBJC_LITERAL_CONVERSION = YES;
				CLANG_WARN_OBJC_ROOT_CLASS = YES_ERROR;
				CLANG_WARN_RANGE_LOOP_ANALYSIS = YES;
				CLANG_WARN_STRICT_PROTOTYPES = YES;
				CLANG_WARN_SUSPICIOUS_MOVE = YES;
				CLANG_WARN_UNGUARDED_AVAILABILITY = YES_AGGRESSIVE;
				CLANG_WARN_UNREACHABLE_CODE = YES;
				CLANG_WARN__DUPLICATE_METHOD_MATCH = YES;
				CODE_SIGN_IDENTITY = "iPhone Developer";
				COPY_PHASE_STRIP = NO;
				DEBUG_INFORMATION_FORMAT = "dwarf-with-dsym";
				ENABLE_NS_ASSERTIONS = NO;
				ENABLE_STRICT_OBJC_MSGSEND = YES;
				GCC_C_LANGUAGE_STANDARD = gnu11;
				GCC_NO_COMMON_BLOCKS = YES;
				GCC_WARN_64_TO_32_BIT_CONVERSION = YES;
				GCC_WARN_ABOUT_RETURN_TYPE = YES_ERROR;
				GCC_WARN_UNDECLARED_SELECTOR = YES;
				GCC_WARN_UNINITIALIZED_AUTOS = YES_AGGRESSIVE;
				GCC_WARN_UNUSED_FUNCTION = YES;
				GCC_WARN_UNUSED_VARIABLE = YES;
				IPHONEOS_DEPLOYMENT_TARGET = 12.1;
				MTL_ENABLE_DEBUG_INFO = NO;
				MTL_FAST_MATH = YES;
				SDKROOT = iphoneos;
				SWIFT_COMPILATION_MODE = wholemodule;
				SWIFT_OPTIMIZATION_LEVEL = "-O";
				VALIDATE_PRODUCT = YES;
			};
			name = Release;
		};
		EF86CA02220F4DB10009EE26 /* Debug */ = {
			isa = XCBuildConfiguration;
			buildSettings = {
				ASSETCATALOG_COMPILER_APPICON_NAME = AppIcon;
				CODE_SIGN_STYLE = Automatic;
				INFOPLIST_FILE = pitchPerfect/Info.plist;
				LD_RUNPATH_SEARCH_PATHS = (
					"$(inherited)",
					"@executable_path/Frameworks",
				);
				PRODUCT_BUNDLE_IDENTIFIER = gemy.pitcPerfect.pitchPerfect;
				PRODUCT_NAME = "$(TARGET_NAME)";
				SWIFT_VERSION = 4.2;
				TARGETED_DEVICE_FAMILY = "1,2";
			};
			name = Debug;
		};
		EF86CA03220F4DB10009EE26 /* Release */ = {
			isa = XCBuildConfiguration;
			buildSettings = {
				ASSETCATALOG_COMPILER_APPICON_NAME = AppIcon;
				CODE_SIGN_STYLE = Automatic;
				INFOPLIST_FILE = pitchPerfect/Info.plist;
				LD_RUNPATH_SEARCH_PATHS = (
					"$(inherited)",
					"@executable_path/Frameworks",
				);
				PRODUCT_BUNDLE_IDENTIFIER = gemy.pitcPerfect.pitchPerfect;
				PRODUCT_NAME = "$(TARGET_NAME)";
				SWIFT_VERSION = 4.2;
				TARGETED_DEVICE_FAMILY = "1,2";
			};
			name = Release;
		};
		EF86CA05220F4DB10009EE26 /* Debug */ = {
			isa = XCBuildConfiguration;
			buildSettings = {
				ALWAYS_EMBED_SWIFT_STANDARD_LIBRARIES = YES;
				BUNDLE_LOADER = "$(TEST_HOST)";
				CODE_SIGN_STYLE = Automatic;
				INFOPLIST_FILE = pitchPerfectTests/Info.plist;
				LD_RUNPATH_SEARCH_PATHS = (
					"$(inherited)",
					"@executable_path/Frameworks",
					"@loader_path/Frameworks",
				);
				PRODUCT_BUNDLE_IDENTIFIER = gemy.pitcPerfect.pitchPerfectTests;
				PRODUCT_NAME = "$(TARGET_NAME)";
				SWIFT_VERSION = 4.2;
				TARGETED_DEVICE_FAMILY = "1,2";
				TEST_HOST = "$(BUILT_PRODUCTS_DIR)/pitchPerfect.app/pitchPerfect";
			};
			name = Debug;
		};
		EF86CA06220F4DB10009EE26 /* Release */ = {
			isa = XCBuildConfiguration;
			buildSettings = {
				ALWAYS_EMBED_SWIFT_STANDARD_LIBRARIES = YES;
				BUNDLE_LOADER = "$(TEST_HOST)";
				CODE_SIGN_STYLE = Automatic;
				INFOPLIST_FILE = pitchPerfectTests/Info.plist;
				LD_RUNPATH_SEARCH_PATHS = (
					"$(inherited)",
					"@executable_path/Frameworks",
					"@loader_path/Frameworks",
				);
				PRODUCT_BUNDLE_IDENTIFIER = gemy.pitcPerfect.pitchPerfectTests;
				PRODUCT_NAME = "$(TARGET_NAME)";
				SWIFT_VERSION = 4.2;
				TARGETED_DEVICE_FAMILY = "1,2";
				TEST_HOST = "$(BUILT_PRODUCTS_DIR)/pitchPerfect.app/pitchPerfect";
			};
			name = Release;
		};
		EF86CA08220F4DB10009EE26 /* Debug */ = {
			isa = XCBuildConfiguration;
			buildSettings = {
				ALWAYS_EMBED_SWIFT_STANDARD_LIBRARIES = YES;
				CODE_SIGN_STYLE = Automatic;
				INFOPLIST_FILE = pitchPerfectUITests/Info.plist;
				LD_RUNPATH_SEARCH_PATHS = (
					"$(inherited)",
					"@executable_path/Frameworks",
					"@loader_path/Frameworks",
				);
				PRODUCT_BUNDLE_IDENTIFIER = gemy.pitcPerfect.pitchPerfectUITests;
				PRODUCT_NAME = "$(TARGET_NAME)";
				SWIFT_VERSION = 4.2;
				TARGETED_DEVICE_FAMILY = "1,2";
				TEST_TARGET_NAME = pitchPerfect;
			};
			name = Debug;
		};
		EF86CA09220F4DB10009EE26 /* Release */ = {
			isa = XCBuildConfiguration;
			buildSettings = {
				ALWAYS_EMBED_SWIFT_STANDARD_LIBRARIES = YES;
				CODE_SIGN_STYLE = Automatic;
				INFOPLIST_FILE = pitchPerfectUITests/Info.plist;
				LD_RUNPATH_SEARCH_PATHS = (
					"$(inherited)",
					"@executable_path/Frameworks",
					"@loader_path/Frameworks",
				);
				PRODUCT_BUNDLE_IDENTIFIER = gemy.pitcPerfect.pitchPerfectUITests;
				PRODUCT_NAME = "$(TARGET_NAME)";
				SWIFT_VERSION = 4.2;
				TARGETED_DEVICE_FAMILY = "1,2";
				TEST_TARGET_NAME = pitchPerfect;
			};
			name = Release;
		};
/* End XCBuildConfiguration section */

/* Begin XCConfigurationList section */
		EF86C9D4220F4DB00009EE26 /* Build configuration list for PBXProject "pitchPerfect" */ = {
			isa = XCConfigurationList;
			buildConfigurations = (
				EF86C9FF220F4DB10009EE26 /* Debug */,
				EF86CA00220F4DB10009EE26 /* Release */,
			);
			defaultConfigurationIsVisible = 0;
			defaultConfigurationName = Release;
		};
		EF86CA01220F4DB10009EE26 /* Build configuration list for PBXNativeTarget "pitchPerfect" */ = {
			isa = XCConfigurationList;
			buildConfigurations = (
				EF86CA02220F4DB10009EE26 /* Debug */,
				EF86CA03220F4DB10009EE26 /* Release */,
			);
			defaultConfigurationIsVisible = 0;
			defaultConfigurationName = Release;
		};
		EF86CA04220F4DB10009EE26 /* Build configuration list for PBXNativeTarget "pitchPerfectTests" */ = {
			isa = XCConfigurationList;
			buildConfigurations = (
				EF86CA05220F4DB10009EE26 /* Debug */,
				EF86CA06220F4DB10009EE26 /* Release */,
			);
			defaultConfigurationIsVisible = 0;
			defaultConfigurationName = Release;
		};
		EF86CA07220F4DB10009EE26 /* Build configuration list for PBXNativeTarget "pitchPerfectUITests" */ = {
			isa = XCConfigurationList;
			buildConfigurations = (
				EF86CA08220F4DB10009EE26 /* Debug */,
				EF86CA09220F4DB10009EE26 /* Release */,
			);
			defaultConfigurationIsVisible = 0;
			defaultConfigurationName = Release;
		};
/* End XCConfigurationList section */
	};
	rootObject = EF86C9D1220F4DB00009EE26 /* Project object */;
}
